
Microsoft Visual Studio Solution File, Format Version 12.00
# Visual Studio Version 17
VisualStudioVersion = 17.14.36717.8 d17.14
MinimumVisualStudioVersion = 10.0.40219.1
Project("{2150E333-8FDC-42A3-9474-1A3956D46DE8}") = "Server", "Server", "{DAD03CFC-D5FA-AC94-41C7-9ABAB326F09E}"
EndProject
Project("{2150E333-8FDC-42A3-9474-1A3956D46DE8}") = "Shared", "Shared", "{4F52FD11-658E-A102-6CD3-7D7C16FFA15B}"
EndProject
Project("{FAE04EC0-301F-11D3-BF4B-00C04F79EFBC}") = "ApiContracts", "Shared\ApiContracts\ApiContracts.csproj", "{77104D50-7712-4108-AFC5-46345A756965}"
EndProject
Project("{FAE04EC0-301F-11D3-BF4B-00C04F79EFBC}") = "WebAPI", "Server\WebAPI\WebAPI.csproj", "{3C544013-8E08-4FFC-AFFD-7490A0120F32}"
EndProject
Project("{2150E333-8FDC-42A3-9474-1A3956D46DE8}") = "Client", "Client", "{2CB42F12-E813-91B3-7D11-3220E40BEF4A}"
EndProject
Project("{FAE04EC0-301F-11D3-BF4B-00C04F79EFBC}") = "BlazorApp", "Client\BlazorApp\BlazorApp.csproj", "{332B006D-45CA-4813-8303-4D51AC244880}"
EndProject
Project("{FAE04EC0-301F-11D3-BF4B-00C04F79EFBC}") = "ReSpawnMarket.SDK", "ReSpawnMarket.SDK\ReSpawnMarket.SDK.csproj", "{F6339289-23B3-4760-8D51-1BC05E1F8FAD}"
EndProject
Global
	GlobalSection(SolutionConfigurationPlatforms) = preSolution
		Debug|Any CPU = Debug|Any CPU
		Debug|x64 = Debug|x64
		Debug|x86 = Debug|x86
		Release|Any CPU = Release|Any CPU
		Release|x64 = Release|x64
		Release|x86 = Release|x86
	EndGlobalSection
	GlobalSection(ProjectConfigurationPlatforms) = postSolution
		{77104D50-7712-4108-AFC5-46345A756965}.Debug|Any CPU.ActiveCfg = Debug|Any CPU
		{77104D50-7712-4108-AFC5-46345A756965}.Debug|Any CPU.Build.0 = Debug|Any CPU
		{77104D50-7712-4108-AFC5-46345A756965}.Debug|x64.ActiveCfg = Debug|Any CPU
		{77104D50-7712-4108-AFC5-46345A756965}.Debug|x64.Build.0 = Debug|Any CPU
		{77104D50-7712-4108-AFC5-46345A756965}.Debug|x86.ActiveCfg = Debug|Any CPU
		{77104D50-7712-4108-AFC5-46345A756965}.Debug|x86.Build.0 = Debug|Any CPU
		{77104D50-7712-4108-AFC5-46345A756965}.Release|Any CPU.ActiveCfg = Release|Any CPU
		{77104D50-7712-4108-AFC5-46345A756965}.Release|Any CPU.Build.0 = Release|Any CPU
		{77104D50-7712-4108-AFC5-46345A756965}.Release|x64.ActiveCfg = Release|Any CPU
		{77104D50-7712-4108-AFC5-46345A756965}.Release|x64.Build.0 = Release|Any CPU
		{77104D50-7712-4108-AFC5-46345A756965}.Release|x86.ActiveCfg = Release|Any CPU
		{77104D50-7712-4108-AFC5-46345A756965}.Release|x86.Build.0 = Release|Any CPU
		{3C544013-8E08-4FFC-AFFD-7490A0120F32}.Debug|Any CPU.ActiveCfg = Debug|Any CPU
		{3C544013-8E08-4FFC-AFFD-7490A0120F32}.Debug|Any CPU.Build.0 = Debug|Any CPU
		{3C544013-8E08-4FFC-AFFD-7490A0120F32}.Debug|x64.ActiveCfg = Debug|Any CPU
		{3C544013-8E08-4FFC-AFFD-7490A0120F32}.Debug|x64.Build.0 = Debug|Any CPU
		{3C544013-8E08-4FFC-AFFD-7490A0120F32}.Debug|x86.ActiveCfg = Debug|Any CPU
		{3C544013-8E08-4FFC-AFFD-7490A0120F32}.Debug|x86.Build.0 = Debug|Any CPU
		{3C544013-8E08-4FFC-AFFD-7490A0120F32}.Release|Any CPU.ActiveCfg = Release|Any CPU
		{3C544013-8E08-4FFC-AFFD-7490A0120F32}.Release|Any CPU.Build.0 = Release|Any CPU
		{3C544013-8E08-4FFC-AFFD-7490A0120F32}.Release|x64.ActiveCfg = Release|Any CPU
		{3C544013-8E08-4FFC-AFFD-7490A0120F32}.Release|x64.Build.0 = Release|Any CPU
		{3C544013-8E08-4FFC-AFFD-7490A0120F32}.Release|x86.ActiveCfg = Release|Any CPU
		{3C544013-8E08-4FFC-AFFD-7490A0120F32}.Release|x86.Build.0 = Release|Any CPU
		{332B006D-45CA-4813-8303-4D51AC244880}.Debug|Any CPU.ActiveCfg = Debug|Any CPU
		{332B006D-45CA-4813-8303-4D51AC244880}.Debug|Any CPU.Build.0 = Debug|Any CPU
		{332B006D-45CA-4813-8303-4D51AC244880}.Debug|x64.ActiveCfg = Debug|Any CPU
		{332B006D-45CA-4813-8303-4D51AC244880}.Debug|x64.Build.0 = Debug|Any CPU
		{332B006D-45CA-4813-8303-4D51AC244880}.Debug|x86.ActiveCfg = Debug|Any CPU
		{332B006D-45CA-4813-8303-4D51AC244880}.Debug|x86.Build.0 = Debug|Any CPU
		{332B006D-45CA-4813-8303-4D51AC244880}.Release|Any CPU.ActiveCfg = Release|Any CPU
		{332B006D-45CA-4813-8303-4D51AC244880}.Release|Any CPU.Build.0 = Release|Any CPU
		{332B006D-45CA-4813-8303-4D51AC244880}.Release|x64.ActiveCfg = Release|Any CPU
		{332B006D-45CA-4813-8303-4D51AC244880}.Release|x64.Build.0 = Release|Any CPU
		{332B006D-45CA-4813-8303-4D51AC244880}.Release|x86.ActiveCfg = Release|Any CPU
		{332B006D-45CA-4813-8303-4D51AC244880}.Release|x86.Build.0 = Release|Any CPU
		{F6339289-23B3-4760-8D51-1BC05E1F8FAD}.Debug|Any CPU.ActiveCfg = Debug|Any CPU
		{F6339289-23B3-4760-8D51-1BC05E1F8FAD}.Debug|Any CPU.Build.0 = Debug|Any CPU
		{F6339289-23B3-4760-8D51-1BC05E1F8FAD}.Debug|x64.ActiveCfg = Debug|Any CPU
		{F6339289-23B3-4760-8D51-1BC05E1F8FAD}.Debug|x64.Build.0 = Debug|Any CPU
		{F6339289-23B3-4760-8D51-1BC05E1F8FAD}.Debug|x86.ActiveCfg = Debug|Any CPU
		{F6339289-23B3-4760-8D51-1BC05E1F8FAD}.Debug|x86.Build.0 = Debug|Any CPU
		{F6339289-23B3-4760-8D51-1BC05E1F8FAD}.Release|Any CPU.ActiveCfg = Release|Any CPU
		{F6339289-23B3-4760-8D51-1BC05E1F8FAD}.Release|Any CPU.Build.0 = Release|Any CPU
		{F6339289-23B3-4760-8D51-1BC05E1F8FAD}.Release|x64.ActiveCfg = Release|Any CPU
		{F6339289-23B3-4760-8D51-1BC05E1F8FAD}.Release|x64.Build.0 = Release|Any CPU
		{F6339289-23B3-4760-8D51-1BC05E1F8FAD}.Release|x86.ActiveCfg = Release|Any CPU
		{F6339289-23B3-4760-8D51-1BC05E1F8FAD}.Release|x86.Build.0 = Release|Any CPU
	EndGlobalSection
	GlobalSection(SolutionProperties) = preSolution
		HideSolutionNode = FALSE
	EndGlobalSection
	GlobalSection(NestedProjects) = preSolution
		{77104D50-7712-4108-AFC5-46345A756965} = {4F52FD11-658E-A102-6CD3-7D7C16FFA15B}
		{3C544013-8E08-4FFC-AFFD-7490A0120F32} = {DAD03CFC-D5FA-AC94-41C7-9ABAB326F09E}
		{332B006D-45CA-4813-8303-4D51AC244880} = {2CB42F12-E813-91B3-7D11-3220E40BEF4A}
		{F6339289-23B3-4760-8D51-1BC05E1F8FAD} = {DAD03CFC-D5FA-AC94-41C7-9ABAB326F09E}
	EndGlobalSection
	GlobalSection(ExtensibilityGlobals) = postSolution
		SolutionGuid = {1AB3394C-2DE7-40E6-81BD-DFF71F3CB125}
	EndGlobalSection
EndGlobal
